#MicroXplorer Configuration settings - do not modify
FREERTOS.BinarySemaphores01=I2C_send_trigger
FREERTOS.IPParameters=Tasks01,configTOTAL_HEAP_SIZE,BinarySemaphores01
FREERTOS.Tasks01=I2C_led_on,2,128,I2C_led_on_callback;I2C_led_off,0,128,I2C_led_off_callback
FREERTOS.configTOTAL_HEAP_SIZE=10000
File.Version=5
KeepUserPlacement=false
Mcu.Family=STM32F4
Mcu.IP0=FREERTOS
Mcu.IP1=I2C1
Mcu.IP2=NVIC
Mcu.IP3=RCC
Mcu.IPNb=4
Mcu.Name=STM32F429B(E-G-I)Tx
Mcu.Package=LQFP208
Mcu.Pin0=PA0/WKUP
Mcu.Pin1=PG13
Mcu.Pin2=PG14
Mcu.Pin3=PB6
Mcu.Pin4=PB7
Mcu.Pin5=VP_FREERTOS_VS_ENABLE
Mcu.PinsNb=6
Mcu.UserConstants=
Mcu.UserName=STM32F429BGTx
MxCube.Version=4.12.0
MxDb.Version=DB.4.0.120
NVIC.EXTI0_IRQn=true\:5\:0\:false
NVIC.PriorityGroup=NVIC_PRIORITYGROUP_4
NVIC.SysTick_IRQn=true\:15\:0\:false
PA0/WKUP.Locked=true
PA0/WKUP.Signal=GPXTI0
PB6.Mode=I2C
PB6.Signal=I2C1_SCL
PB7.Mode=I2C
PB7.Signal=I2C1_SDA
PCC.Checker=false
PCC.Line=STM32F429/439
PCC.MCU=STM32F429B(E-G-I)Tx
PCC.MXVersion=4.12.0-A7
PCC.PartNumber=STM32F429BGTx
PCC.Seq0=0
PCC.Series=STM32F4
PCC.Temperature=25
PCC.Vdd=null
PG13.GPIOParameters=GPIO_Label
PG13.GPIO_Label=LED1
PG13.Locked=true
PG13.Signal=GPIO_Output
PG14.GPIOParameters=GPIO_Label
PG14.GPIO_Label=LED2
PG14.Locked=true
PG14.Signal=GPIO_Output
ProjectManager.AskForMigrate=true
ProjectManager.BackupPrevious=false
ProjectManager.CompilerOptimize=2
ProjectManager.ComputerToolchain=false
ProjectManager.CoupleFile=false
ProjectManager.DeletePrevious=true
ProjectManager.DeviceId=STM32F429BGTx
ProjectManager.FirmwarePackage=STM32Cube FW_F4 V1.10.0
ProjectManager.FreePins=false
ProjectManager.HalAssertFull=false
ProjectManager.KeepUserCode=true
ProjectManager.LastFirmware=true
ProjectManager.LibraryCopy=0
ProjectManager.ProjectBuild=false
ProjectManager.ProjectFileName=EVAL.ioc
ProjectManager.ProjectName=EVAL
ProjectManager.TargetToolchain=EWARM
ProjectManager.ToolChainLocation=
RCC.AHBFreq_Value=16000000
RCC.APB1Freq_Value=16000000
RCC.APB2Freq_Value=16000000
RCC.CortexFreq_Value=16000000
RCC.FamilyName=M
RCC.HSE_VALUE=25000000
RCC.HSI_VALUE=16000000
RCC.I2SClocksFreq_Value=96000000
RCC.IPParameters=FamilyName,LSI_VALUE,HSI_VALUE,RTCFreq_Value,SYSCLKFreq_VALUE,AHBFreq_Value,CortexFreq_Value,APB1Freq_Value,APB2Freq_Value,LSE_VALUE,VCOInputFreq_Value,VCOSAIOutputFreq_Value,VCOSAIOutputFreq_ValueR,VCOSAIOutputFreq_ValueQ,VCOOutputFreq_Value,PLLCLKFreq_Value,PLLQCLKFreq_Value,VCOI2SOutputFreq_Value,VcooutputI2S,VcooutputI2SQ,I2SClocksFreq_Value,HSE_VALUE,RTCHSEDivFreq_Value
RCC.LSE_VALUE=32768
RCC.LSI_VALUE=32000
RCC.PLLCLKFreq_Value=96000000
RCC.PLLQCLKFreq_Value=48000000
RCC.RTCFreq_Value=32000
RCC.RTCHSEDivFreq_Value=12500000
RCC.SYSCLKFreq_VALUE=16000000
RCC.VCOI2SOutputFreq_Value=192000000
RCC.VCOInputFreq_Value=1000000
RCC.VCOOutputFreq_Value=192000000
RCC.VCOSAIOutputFreq_Value=49000000
RCC.VCOSAIOutputFreq_ValueQ=12250000
RCC.VCOSAIOutputFreq_ValueR=24500000
RCC.VcooutputI2S=96000000
RCC.VcooutputI2SQ=96000000
SH.GPXTI0.0=GPIO_EXTI0
SH.GPXTI0.ConfNb=1
VP_FREERTOS_VS_ENABLE.Mode=Enabled
VP_FREERTOS_VS_ENABLE.Signal=FREERTOS_VS_ENABLE
board=EVAL
