#MicroXplorer Configuration settings - do not modify
#Wed Oct 15 15:53:57 WAT 2014
File.Version=4
KeepUserPlacement=false
Mcu.Family=STM32F0
Mcu.IP0=NVIC
Mcu.IP1=RCC
Mcu.IP2=TIM14
Mcu.IPNb=3
Mcu.Name=STM32F051R8Tx
Mcu.Package=LQFP64
Mcu.Pin0=PF0-OSC_IN
Mcu.Pin1=PA8
Mcu.Pin2=VP_TIM14_VS_ClockSourceINT
Mcu.Pin3=VP_TIM14_VS_NoInput1
Mcu.PinsNb=4
Mcu.UserName=STM32F051R8Tx
NVIC.SysTick_IRQn=true\:0\:0
NVIC.TIM14_IRQn=true\:1\:0
PA8.Mode=Clock-out
PA8.Signal=RCC_MCO
PCC.Family=STM32F0
PCC.MCU=STM32F051R8Tx
PCC.MXVersion=4.5.0-A1
PCC.PartNumber=STM32F051R8Tx
PCC.Seq0=0
PCC.SubFamily=STM32F0x1
PCC.Temperature=25
PCC.Vdd=3.6
PF0-OSC_IN.Mode=HSE-External-Clock-Source
PF0-OSC_IN.Signal=RCC_OSC_IN
ProjectManager.AskForMigrate=true
ProjectManager.BackupPrevious=false
ProjectManager.CompilerOptimize=2
ProjectManager.ComputerToolchain=false
ProjectManager.CoupleFile=false
ProjectManager.DeletePrevious=true
ProjectManager.DeviceId=STM32F051R8Tx
ProjectManager.FirmwarePackage=STM32Cube FW_F0 V1.1.0-RC2
ProjectManager.FreePins=false
ProjectManager.HalAssertFull=false
ProjectManager.KeepUserCode=true
ProjectManager.LastFirmware=false
ProjectManager.LibraryCopy=0
ProjectManager.ProjectBuild=false
ProjectManager.ProjectFileName=Project.ioc
ProjectManager.ProjectName=Project
ProjectManager.TargetToolchain=EWARM 6.70
RCC.AHBFreq_Value=48000000
RCC.APB1Freq_Value=48000000
RCC.APB1TimFreq_Value=48000000
RCC.CECEnable-ClockTree=false
RCC.EnableHSE-ClockTree=true
RCC.EnableHSERTCDevisor-ClockTree=false
RCC.EnableLSE-ClockTree=false
RCC.EnableLSERTC-ClockTree=false
RCC.EnableMCOMultDivisor-ClockTree=false
RCC.FCLKCortexFreq_Value=48000000
RCC.FLatency-AdvancedSettings=FLASH_LATENCY_1
RCC.FamilyName=M
RCC.HCLKFreq_Value=48000000
RCC.HSEState-ClockTree=RCC_HSE_BYPASS
RCC.HSI14State-ClockTree=RCC_HSI14_OFF
RCC.HSI48State-ClockTree=RCC_HSI48_OFF
RCC.HSIState-ClockTree=RCC_HSI_ON
RCC.I2C1Enable-ClockTree=false
RCC.I2SFreq_Value=48000000
RCC.IPParameters=HCLKFreq_Value,RTCEnable-ClockTree,OscillatorTypeHSE-ClockTree,SYSCLKFreq_VALUE,EnableLSE-ClockTree,CECEnable-ClockTree,FamilyName,PLLCLKFreq_Value,PREFETCH_ENABLE-AdvancedSettings,USBEnable-ClockTree,PLLMCOFreq_Value,HSI14State-ClockTree,SYSCLKSource,IWDGEnable-ClockTree,FCLKCortexFreq_Value,PLLSourceVirtual,HSI48State-ClockTree,FLatency-AdvancedSettings,RCC_MCODiv-ClockTree,PLLMUL,OscillatorTypeHSE,EnableLSERTC-ClockTree,USART2Enable-ClockTree,MCOFreq_Value,VCOOutput2Freq_Value,I2SFreq_Value,MCOEnable-ClockTree,OscillatorTypeHSI-ClockTree,EnableMCOMultDivisor-ClockTree,I2C1Enable-ClockTree,HSIState-ClockTree,RCC_MCOSource,LSIState-ClockTree,PLLState-ClockTree,APB1TimFreq_Value,APB1Freq_Value,USART1Freq_Value,USART1Enable-ClockTree,AHBFreq_Value,HSEState-ClockTree,EnableHSE-ClockTree,OscillatorTypeLSI-ClockTree,TimSysFreq_Value,EnableHSERTCDevisor-ClockTree
RCC.IWDGEnable-ClockTree=false
RCC.LSIState-ClockTree=RCC_LSI_OFF
RCC.MCOEnable-ClockTree=true
RCC.MCOFreq_Value=8000000
RCC.OscillatorTypeHSE=
RCC.OscillatorTypeHSE-ClockTree=
RCC.OscillatorTypeHSI-ClockTree=RCC_OSCILLATORTYPE_HSI
RCC.OscillatorTypeLSI-ClockTree=
RCC.PLLCLKFreq_Value=48000000
RCC.PLLMCOFreq_Value=24000000
RCC.PLLMUL=RCC_PLL_MUL6
RCC.PLLSourceVirtual=RCC_PLLSOURCE_HSE
RCC.PLLState-ClockTree=RCC_PLL_ON
RCC.PREFETCH_ENABLE-AdvancedSettings=1
RCC.RCC_MCODiv-ClockTree=RCC_MCO_NODIV
RCC.RCC_MCOSource=RCC_MCOSOURCE_HSI
RCC.RTCEnable-ClockTree=false
RCC.SYSCLKFreq_VALUE=48000000
RCC.SYSCLKSource=RCC_SYSCLKSOURCE_PLLCLK
RCC.TimSysFreq_Value=6000000
RCC.USART1Enable-ClockTree=false
RCC.USART1Freq_Value=48000000
RCC.USART2Enable-ClockTree=false
RCC.USBEnable-ClockTree=false
RCC.VCOOutput2Freq_Value=8000000
TIM14.Channel-Input_Capture1_from_TI1_REMAP_TIM14=TIM_CHANNEL_1
TIM14.CounterMode-Enable_Timer=TIM_COUNTERMODE_UP
TIM14.CounterMode-Input_Capture1_from_TI1_REMAP_TIM14=TIM_COUNTERMODE_UP
TIM14.ICSelection-Input_Capture1_from_TI1_REMAP_TIM14=TIM_ICSELECTION_DIRECTTI
TIM14.IPParameters=Period,Channel-Input_Capture1_from_TI1_REMAP_TIM14,CounterMode-Enable_Timer,ICSelection-Input_Capture1_from_TI1_REMAP_TIM14,TIM14_TI1_REMAP,CounterMode-Input_Capture1_from_TI1_REMAP_TIM14
TIM14.Period=65535
TIM14.TIM14_TI1_REMAP=TIM_TIM14_MCO
VP_TIM14_VS_ClockSourceINT.Mode=Enable_Timer
VP_TIM14_VS_ClockSourceINT.Signal=TIM14_VS_ClockSourceINT
VP_TIM14_VS_NoInput1.Mode=Input_Capture1_from_TI1_REMAP_TIM14
VP_TIM14_VS_NoInput1.Signal=TIM14_VS_NoInput1
