#MicroXplorer Configuration settings - do not modify
#Mon Aug 25 12:32:04 GMT+01:00 2014
File.Version=4
KeepUserPlacement=false
Mcu.Family=STM32F4
Mcu.IP0=NVIC
Mcu.IP1=RCC
Mcu.IP2=TIM5
Mcu.IP3=USART1
Mcu.IPNb=4
Mcu.Name=STM32F439N(G-I)Hx
Mcu.Package=TFBGA216
Mcu.Pin0=PB7
Mcu.Pin1=PB6
Mcu.Pin2=PC14/OSC32_IN
Mcu.Pin3=PI0
Mcu.Pin4=PC15/OSC32_OUT
Mcu.Pin5=PA8
Mcu.PinsNb=6
Mcu.UserName=STM32F439NIHx
NVIC.PriorityGroup=NVIC_PRIORITYGROUP_4
NVIC.SysTick_IRQn=true\:0\:0
NVIC.TIM5_IRQn=true\:5\:0
PA8.GPIOParameters=GPIO_Speed,GPIO_PuPd,GPIO_Mode
PA8.GPIO_Mode=GPIO_MODE_AF_PP
PA8.GPIO_PuPd=GPIO_NOPULL
PA8.GPIO_Speed=GPIO_SPEED_HIGH
PA8.Mode=Clock-out-1
PA8.Signal=RCC_MCO_1
PB6.Mode=Asynchronous
PB6.Signal=USART1_TX
PB7.Mode=Asynchronous
PB7.Signal=USART1_RX
PC14/OSC32_IN.Mode=LSE-External-Oscillator
PC14/OSC32_IN.Signal=RCC_OSC32_IN
PC15/OSC32_OUT.Mode=LSE-External-Oscillator
PC15/OSC32_OUT.Signal=RCC_OSC32_OUT
PCC.Family=STM32F4
PCC.MCU=STM32F439N(G-I)Hx
PCC.MXVersion=4.4.0-A8
PCC.PartNumber=STM32F439NIHx
PCC.Seq0=0
PCC.SubFamily=STM32F429/439
PCC.Temperature=25
PCC.Vdd=null
PI0.Signal=S_TIM5_CH4
ProjectManager.AskForMigrate=true
ProjectManager.BackupPrevious=false
ProjectManager.CompilerOptimize=2
ProjectManager.ComputerToolchain=false
ProjectManager.CoupleFile=false
ProjectManager.DeletePrevious=true
ProjectManager.DeviceId=STM32F439NIHx
ProjectManager.FirmwarePackage=STM32Cube FW_F4 V1.3.0
ProjectManager.FreePins=false
ProjectManager.HalAssertFull=false
ProjectManager.KeepUserCode=true
ProjectManager.LastFirmware=true
ProjectManager.LibraryCopy=0
ProjectManager.ProjectBuild=false
ProjectManager.ProjectFileName=Project.ioc
ProjectManager.ProjectName=Project
ProjectManager.TargetToolchain=EWARM 6.70
RCC.48MHZClocksFreq_Value=48000000
RCC.AHBFreq_Value=16000000
RCC.APB1Freq_Value=16000000
RCC.APB2Freq_Value=16000000
RCC.EnableExtClockForI2S-ClockTree=false
RCC.EnableExtClockForSAIA-ClockTree=false
RCC.EnableExtClockForSAIB-ClockTree=false
RCC.EnableHSE-ClockTree=false
RCC.EnableHSERTCDevisor-ClockTree=false
RCC.EnableLSE-ClockTree=true
RCC.EnableLSERTC-ClockTree=false
RCC.ExtClockEnable-ClockTree=false
RCC.FLatency-AdvancedSettings=FLASH_LATENCY_0
RCC.FamilyName=M
RCC.HSEState-ClockTree=RCC_HSE_OFF
RCC.HSE_VALUE=25000000
RCC.HSIState-ClockTree=RCC_HSI_ON
RCC.HSI_VALUE=16000000
RCC.I2SClocksFreq_Value=96000000
RCC.I2SEnable-ClockTree=false
RCC.IPParameters=MCO1OutPutEnable-ClockTree,RTCEnable-ClockTree,OscillatorTypeHSE-ClockTree,SYSCLKFreq_VALUE,EnableLSE-ClockTree,I2SClocksFreq_Value,SAIBEnable-ClockTree,PLLCLKFreq_Value,FamilyName,RTCHSEDivFreq_Value,USBFSEnable-ClockTree,RNGEnable-ClockTree,RTCFreq_Value,LSE_VALUE,I2SEnable-ClockTree,IWDGEnable-ClockTree,MCO1PinFreq_Value,USBHSEnable-ClockTree,VCOSAIOutputFreq_ValueR,APB2Freq_Value,VCOI2SOutputFreq_Value,EnableExtClockForI2S-ClockTree,FLatency-AdvancedSettings,EnableExtClockForSAIB-ClockTree,VcooutputI2SQ,EnableExtClockForSAIA-ClockTree,VCOSAIOutputFreq_ValueQ,EnableLSERTC-ClockTree,MCO2OutPutEnable-ClockTree,HSE_VALUE,PWR_Regulator_Voltage_Scale-AdvancedSettings,LTDCEnable-ClockTree,HSI_VALUE,PWREXT_OverDrive-AdvancedSettings,OscillatorTypeHSI-ClockTree,HSIState-ClockTree,LSIState-ClockTree,PLLState-ClockTree,VcooutputI2S,APB1Freq_Value,48MHZClocksFreq_Value,ExtClockEnable-ClockTree,HSEState-ClockTree,SDIOEnable-ClockTree,AHBFreq_Value,LSI_VALUE,VCOInputFreq_Value,EnableHSE-ClockTree,VCOOutputFreq_Value,SAIAEnable-ClockTree,LSEState-ClockTree,OscillatorTypeLSI-ClockTree,EnableHSERTCDevisor-ClockTree,VCOSAIOutputFreq_Value,RCC_MCO1-ClockTree,PLLI2SCLKSAIA_BEnable-ClockTree
RCC.IWDGEnable-ClockTree=false
RCC.LSEState-ClockTree=RCC_LSE_ON
RCC.LSE_VALUE=32768
RCC.LSIState-ClockTree=RCC_LSI_OFF
RCC.LSI_VALUE=32000
RCC.LTDCEnable-ClockTree=false
RCC.MCO1OutPutEnable-ClockTree=true
RCC.MCO1PinFreq_Value=16000000
RCC.MCO2OutPutEnable-ClockTree=false
RCC.OscillatorTypeHSE-ClockTree=
RCC.OscillatorTypeHSI-ClockTree=RCC_OSCILLATORTYPE_HSI
RCC.OscillatorTypeLSI-ClockTree=
RCC.PLLCLKFreq_Value=96000000
RCC.PLLI2SCLKSAIA_BEnable-ClockTree=false
RCC.PLLState-ClockTree=RCC_PLL_OFF
RCC.PWREXT_OverDrive-AdvancedSettings=PWREXT_OverDrive_DESACTIVATED
RCC.PWR_Regulator_Voltage_Scale-AdvancedSettings=PWR_REGULATOR_VOLTAGE_SCALE3
RCC.RCC_MCO1-ClockTree=RCC_MCO1
RCC.RNGEnable-ClockTree=false
RCC.RTCEnable-ClockTree=false
RCC.RTCFreq_Value=32000
RCC.RTCHSEDivFreq_Value=12500000
RCC.SAIAEnable-ClockTree=false
RCC.SAIBEnable-ClockTree=false
RCC.SDIOEnable-ClockTree=false
RCC.SYSCLKFreq_VALUE=16000000
RCC.USBFSEnable-ClockTree=false
RCC.USBHSEnable-ClockTree=false
RCC.VCOI2SOutputFreq_Value=192000000
RCC.VCOInputFreq_Value=1000000
RCC.VCOOutputFreq_Value=192000000
RCC.VCOSAIOutputFreq_Value=49000000
RCC.VCOSAIOutputFreq_ValueQ=12250000
RCC.VCOSAIOutputFreq_ValueR=24500000
RCC.VcooutputI2S=96000000
RCC.VcooutputI2SQ=96000000
SH.S_TIM5_CH4.0=TIM5_CH4,Input_Capture4_from_TI4
SH.S_TIM5_CH4.ConfNb=1
TIM5.Channel-Input_Capture4_from_TI4=TIM_CHANNEL_4
TIM5.ICSelection-Input_Capture4_from_TI4=TIM_ICSELECTION_DIRECTTI
TIM5.IPParameters=Period,ICSelection-Input_Capture4_from_TI4,Channel-Input_Capture4_from_TI4
TIM5.Period=0xFFFF
USART1.HwFlowCtl-Asynchronous=UART_HWCONTROL_NONE
USART1.IPParameters=VirtualMode-Asynchronous,HwFlowCtl-Asynchronous
USART1.VirtualMode-Asynchronous=VM_ASYNC
