#MicroXplorer Configuration settings - do not modify
#Mon Sep 08 09:01:59 GMT+01:00 2014
ETH.IPParameters=MediaInterface-MII,PhyAddress-MII,RxMode-MII
ETH.MediaInterface-MII=ETH_MEDIA_INTERFACE_MII
ETH.PhyAddress-MII=0x0
ETH.RxMode-MII=ETH_RXPOLLING_MODE
File.Version=4
KeepUserPlacement=false
LWIP.CHECKSUM_GEN_IP=0
LWIP.GATEWAY_ADDRESS=010.157.015.254
LWIP.IPParameters=NETMASK_ADDRESS,NO_SYS_NO_TIMERS,GATEWAY_ADDRESS,MEM_LIBC_MALLOC,PPPOE_SUPPORT,LWIP_TCP,LWIP_NETIF_STATUS_CALLBACK,LWIP_ARP,MEMP_MEM_MALLOC,PPP_SUPPORT,LWIP_UDP,IP_ADDRESS,CHECKSUM_GEN_IP
LWIP.IP_ADDRESS=010.157.015.224
LWIP.LWIP_ARP=0
LWIP.LWIP_NETIF_STATUS_CALLBACK=1
LWIP.LWIP_TCP=0
LWIP.LWIP_UDP=0
LWIP.MEMP_MEM_MALLOC=1
LWIP.MEM_LIBC_MALLOC=1
LWIP.NETMASK_ADDRESS=255.255.000.000
LWIP.NO_SYS_NO_TIMERS=1
LWIP.PPPOE_SUPPORT=1
LWIP.PPP_SUPPORT=1
Mcu.Family=STM32F4
Mcu.IP0=ETH
Mcu.IP1=LWIP
Mcu.IP2=NVIC
Mcu.IP3=RCC
Mcu.IPNb=4
Mcu.Name=STM32F439N(G-I)Hx
Mcu.Package=TFBGA216
Mcu.Pin0=PE2
Mcu.Pin1=PG14
Mcu.Pin10=PC1
Mcu.Pin11=PC2
Mcu.Pin12=PA1
Mcu.Pin13=PC4
Mcu.Pin14=PH7
Mcu.Pin15=PA2
Mcu.Pin16=PC5
Mcu.Pin17=PH6
Mcu.Pin18=PA7
Mcu.Pin19=VP_LWIP_VS_Enabled
Mcu.Pin2=PG13
Mcu.Pin3=PG11
Mcu.Pin4=PI10
Mcu.Pin5=PH0/OSC_IN
Mcu.Pin6=PH1/OSC_OUT
Mcu.Pin7=PH3
Mcu.Pin8=PH2
Mcu.Pin9=PC3
Mcu.PinsNb=20
Mcu.UserName=STM32F439NIHx
NVIC.PriorityGroup=NVIC_PRIORITYGROUP_4
NVIC.SysTick_IRQn=true\:0\:0
PA1.Mode=MII
PA1.Signal=ETH_RX_CLK
PA2.Mode=MII
PA2.Signal=ETH_MDIO
PA7.Mode=MII
PA7.Signal=ETH_RX_DV
PC1.Mode=MII
PC1.Signal=ETH_MDC
PC2.Mode=MII
PC2.Signal=ETH_TXD2
PC3.Mode=MII
PC3.Signal=ETH_TX_CLK
PC4.Mode=MII
PC4.Signal=ETH_RXD0
PC5.Mode=MII
PC5.Signal=ETH_RXD1
PCC.Family=STM32F4
PCC.MCU=STM32F439N(G-I)Hx
PCC.MXVersion=4.4.0-A9
PCC.PartNumber=STM32F439NIHx
PCC.Seq0=0
PCC.SubFamily=STM32F429/439
PCC.Temperature=25
PCC.Vdd=null
PE2.Mode=MII
PE2.Signal=ETH_TXD3
PG11.Mode=MII
PG11.Signal=ETH_TX_EN
PG13.Mode=MII
PG13.Signal=ETH_TXD0
PG14.Mode=MII
PG14.Signal=ETH_TXD1
PH0/OSC_IN.Mode=HSE-External-Oscillator
PH0/OSC_IN.Signal=RCC_OSC_IN
PH1/OSC_OUT.Mode=HSE-External-Oscillator
PH1/OSC_OUT.Signal=RCC_OSC_OUT
PH2.Mode=MII
PH2.Signal=ETH_CRS
PH3.Mode=MII
PH3.Signal=ETH_COL
PH6.Mode=MII
PH6.Signal=ETH_RXD2
PH7.Mode=MII
PH7.Signal=ETH_RXD3
PI10.Mode=MII
PI10.Signal=ETH_RX_ER
ProjectManager.AskForMigrate=true
ProjectManager.BackupPrevious=false
ProjectManager.CompilerOptimize=2
ProjectManager.ComputerToolchain=false
ProjectManager.CoupleFile=false
ProjectManager.DeletePrevious=true
ProjectManager.DeviceId=STM32F439NIHx
ProjectManager.FirmwarePackage=STM32Cube FW_F4 V1.3.0
ProjectManager.FreePins=false
ProjectManager.HalAssertFull=false
ProjectManager.KeepUserCode=true
ProjectManager.LastFirmware=true
ProjectManager.LibraryCopy=0
ProjectManager.ProjectBuild=false
ProjectManager.ProjectFileName=Project.ioc
ProjectManager.ProjectName=Project
ProjectManager.TargetToolchain=EWARM 6.70
RCC.48MHZClocksFreq_Value=84000000
RCC.AHBFreq_Value=168000000
RCC.APB1CLKDivider=RCC_HCLK_DIV4
RCC.APB1Freq_Value=42000000
RCC.APB1TimFreq_Value=84000000
RCC.APB2CLKDivider=RCC_HCLK_DIV2
RCC.APB2Freq_Value=84000000
RCC.APB2TimFreq_Value=168000000
RCC.ClockTypePCLK1-ClockTree=RCC_CLOCKTYPE_PCLK1
RCC.ClockTypePCLK2-ClockTree=RCC_CLOCKTYPE_PCLK2
RCC.ClockTypeSysClk-ClockTree=RCC_CLOCKTYPE_SYSCLK
RCC.CortexFreq_Value=21000000
RCC.EnableExtClockForI2S-ClockTree=false
RCC.EnableExtClockForSAIA-ClockTree=false
RCC.EnableExtClockForSAIB-ClockTree=false
RCC.EnableHSE-ClockTree=true
RCC.EnableHSERTCDevisor-ClockTree=false
RCC.EnableLSE-ClockTree=false
RCC.EnableLSERTC-ClockTree=false
RCC.EthernetFreq_Value=168000000
RCC.ExtClockEnable-ClockTree=false
RCC.FCLKCortexFreq_Value=168000000
RCC.FLatency-AdvancedSettings=FLASH_LATENCY_5
RCC.FamilyName=M
RCC.HCLKFreq_Value=168000000
RCC.HSEState-ClockTree=RCC_HSE_ON
RCC.HSE_VALUE=25000000
RCC.HSIState-ClockTree=RCC_HSI_OFF
RCC.HSI_VALUE=16000000
RCC.I2SClocksFreq_Value=96000000
RCC.I2SEnable-ClockTree=false
RCC.IPParameters=LSI_VALUE,APB1TimFreq_Value,VcooutputI2SQ,SAI_AClocksFreq_Value,APB2Freq_Value,MCO2PinFreq_Value,OscillatorTypeHSE-ClockTree,APB1CLKDivider,USBFSEnable-ClockTree,USBHSEnable-ClockTree,FCLKCortexFreq_Value,OscillatorTypeLSI-ClockTree,48MHZClocksFreq_Value,AHBFreq_Value,VCOInputFreq_Value,I2SClocksFreq_Value,PLLSourceVirtual,VCOSAIOutputFreq_Value,ClockTypePCLK1-ClockTree,SYSCLKFreq_VALUE,SYSCLKSource,HSIState-ClockTree,LSE_VALUE,HSE_VALUE,MCO1OutPutEnable-ClockTree,HSI_VALUE,PLLI2SCLKSAIA_BEnable-ClockTree,EnableLSERTC-ClockTree,IWDGEnable-ClockTree,VCOI2SOutputFreq_Value,VCOSAIOutputFreq_ValueQ,LCDTFTFreq_Value,RNGEnable-ClockTree,MCO2OutPutEnable-ClockTree,LTDCEnable-ClockTree,VCOSAIOutputFreq_ValueR,PLLCLKFreq_Value,ClockTypePCLK2-ClockTree,EnableExtClockForSAIB-ClockTree,RTCEnable-ClockTree,EnableHSERTCDevisor-ClockTree,RTCFreq_Value,FamilyName,FLatency-AdvancedSettings,HCLKFreq_Value,EthernetFreq_Value,I2SEnable-ClockTree,APB2CLKDivider,PLLM,EnableLSE-ClockTree,PLLN,EnableExtClockForSAIA-ClockTree,VCOOutputFreq_Value,ClockTypeSysClk-ClockTree,SAIBEnable-ClockTree,EnableHSE-ClockTree,VcooutputI2S,SAI_BClocksFreq_Value,CortexFreq_Value,EnableExtClockForI2S-ClockTree,SAIAEnable-ClockTree,APB1Freq_Value,PWR_Regulator_Voltage_Scale-AdvancedSettings,SDIOEnable-ClockTree,LSIState-ClockTree,PLLState-ClockTree,RTCHSEDivFreq_Value,HSEState-ClockTree,APB2TimFreq_Value,ExtClockEnable-ClockTree
RCC.IWDGEnable-ClockTree=false
RCC.LCDTFTFreq_Value=12250000
RCC.LSE_VALUE=32768
RCC.LSIState-ClockTree=RCC_LSI_OFF
RCC.LSI_VALUE=32000
RCC.LTDCEnable-ClockTree=false
RCC.MCO1OutPutEnable-ClockTree=false
RCC.MCO2OutPutEnable-ClockTree=false
RCC.MCO2PinFreq_Value=168000000
RCC.OscillatorTypeHSE-ClockTree=RCC_OSCILLATORTYPE_HSE
RCC.OscillatorTypeLSI-ClockTree=
RCC.PLLCLKFreq_Value=168000000
RCC.PLLI2SCLKSAIA_BEnable-ClockTree=false
RCC.PLLM=25
RCC.PLLN=336
RCC.PLLSourceVirtual=RCC_PLLSOURCE_HSE
RCC.PLLState-ClockTree=RCC_PLL_ON
RCC.PWR_Regulator_Voltage_Scale-AdvancedSettings=PWR_REGULATOR_VOLTAGE_SCALE1
RCC.RNGEnable-ClockTree=false
RCC.RTCEnable-ClockTree=false
RCC.RTCFreq_Value=32000
RCC.RTCHSEDivFreq_Value=12500000
RCC.SAIAEnable-ClockTree=false
RCC.SAIBEnable-ClockTree=false
RCC.SAI_AClocksFreq_Value=12250000
RCC.SAI_BClocksFreq_Value=12250000
RCC.SDIOEnable-ClockTree=false
RCC.SYSCLKFreq_VALUE=168000000
RCC.SYSCLKSource=RCC_SYSCLKSOURCE_PLLCLK
RCC.USBFSEnable-ClockTree=false
RCC.USBHSEnable-ClockTree=false
RCC.VCOI2SOutputFreq_Value=192000000
RCC.VCOInputFreq_Value=1000000
RCC.VCOOutputFreq_Value=336000000
RCC.VCOSAIOutputFreq_Value=49000000
RCC.VCOSAIOutputFreq_ValueQ=12250000
RCC.VCOSAIOutputFreq_ValueR=24500000
RCC.VcooutputI2S=96000000
RCC.VcooutputI2SQ=96000000
VP_LWIP_VS_Enabled.Mode=Enabled
VP_LWIP_VS_Enabled.Signal=LWIP_VS_Enabled
