#MicroXplorer Configuration settings - do not modify
#Wed Oct 29 18:30:22 GMT+01:00 2014
File.Version=4
KeepUserPlacement=false
Mcu.Family=STM32F4
Mcu.IP0=NVIC
Mcu.IP1=RCC
Mcu.IP2=TIM1
Mcu.IPNb=3
Mcu.Name=STM32F429N(E-G-I)Hx
Mcu.Package=TFBGA216
Mcu.Pin0=PC9
Mcu.Pin1=PA8
Mcu.Pin2=PH0/OSC_IN
Mcu.Pin3=PH1/OSC_OUT
Mcu.Pin4=PE9
Mcu.PinsNb=5
Mcu.UserName=STM32F429NIHx
MxCube.Version=4.6.0
NVIC.PriorityGroup=NVIC_PRIORITYGROUP_4
NVIC.SysTick_IRQn=true\:0\:0\:false
PA8.Mode=Clock-out-1
PA8.Signal=RCC_MCO_1
PC9.Mode=Clock-out-2
PC9.Signal=RCC_MCO_2
PCC.Family=STM32F4
PCC.MCU=STM32F429N(E-G-I)Hx
PCC.MXVersion=4.6.0-A1
PCC.PartNumber=STM32F429NIHx
PCC.Seq0=0
PCC.SubFamily=STM32F429/439
PCC.Temperature=25
PCC.Vdd=null
PE9.GPIOParameters=GPIO_Speed,GPIO_ModeDefaultPP,GPIO_PuPd
PE9.GPIO_ModeDefaultPP=GPIO_MODE_AF_PP
PE9.GPIO_PuPd=GPIO_NOPULL
PE9.GPIO_Speed=GPIO_SPEED_HIGH
PE9.Signal=S_TIM1_CH1
PH0/OSC_IN.Mode=HSE-External-Oscillator
PH0/OSC_IN.Signal=RCC_OSC_IN
PH1/OSC_OUT.Mode=HSE-External-Oscillator
PH1/OSC_OUT.Signal=RCC_OSC_OUT
ProjectManager.AskForMigrate=true
ProjectManager.BackupPrevious=false
ProjectManager.CompilerOptimize=2
ProjectManager.ComputerToolchain=false
ProjectManager.CoupleFile=false
ProjectManager.DeletePrevious=true
ProjectManager.DeviceId=STM32F429NIHx
ProjectManager.FirmwarePackage=STM32Cube FW_F4 V1.3.0
ProjectManager.FreePins=false
ProjectManager.HalAssertFull=false
ProjectManager.KeepUserCode=true
ProjectManager.LastFirmware=true
ProjectManager.LibraryCopy=0
ProjectManager.ProjectBuild=false
ProjectManager.ProjectFileName=Project.ioc
ProjectManager.ProjectName=Project
ProjectManager.TargetToolchain=EWARM 6.70
RCC.48MHZClocksFreq_Value=84000000
RCC.AHBFreq_Value=168000000
RCC.APB1CLKDivider=RCC_HCLK_DIV4
RCC.APB1Freq_Value=42000000
RCC.APB1TimFreq_Value=84000000
RCC.APB2CLKDivider=RCC_HCLK_DIV2
RCC.APB2Freq_Value=84000000
RCC.APB2TimFreq_Value=168000000
RCC.CortexFreq_Value=21000000
RCC.EthernetFreq_Value=168000000
RCC.FCLKCortexFreq_Value=168000000
RCC.FamilyName=M
RCC.HCLKFreq_Value=168000000
RCC.HSE_VALUE=25000000
RCC.HSI_VALUE=16000000
RCC.I2SClocksFreq_Value=96000000
RCC.IPParameters=HCLKFreq_Value,SYSCLKFreq_VALUE,I2SClocksFreq_Value,PLLCLKFreq_Value,FamilyName,APB2CLKDivider,RTCHSEDivFreq_Value,LSE_VALUE,RTCFreq_Value,SAI_AClocksFreq_Value,SYSCLKSource,MCO1PinFreq_Value,MCO2PinFreq_Value,CortexFreq_Value,APB1CLKDivider,FCLKCortexFreq_Value,PLLSourceVirtual,VCOSAIOutputFreq_ValueR,APB2Freq_Value,VCOI2SOutputFreq_Value,PLLN,VcooutputI2SQ,SAI_BClocksFreq_Value,APB2TimFreq_Value,HSE_VALUE,VCOSAIOutputFreq_ValueQ,RCC_MCO2Source,PLLM,HSI_VALUE,LCDTFTFreq_Value,VcooutputI2S,APB1TimFreq_Value,APB1Freq_Value,48MHZClocksFreq_Value,AHBFreq_Value,LSI_VALUE,VCOInputFreq_Value,EthernetFreq_Value,VCOOutputFreq_Value,VCOSAIOutputFreq_Value,RCC_MCODiv1,RCC_MCO1Source
RCC.LCDTFTFreq_Value=12250000
RCC.LSE_VALUE=32768
RCC.LSI_VALUE=32000
RCC.MCO1PinFreq_Value=84000000
RCC.MCO2PinFreq_Value=25000000
RCC.PLLCLKFreq_Value=168000000
RCC.PLLM=25
RCC.PLLN=336
RCC.PLLSourceVirtual=RCC_PLLSOURCE_HSE
RCC.RCC_MCO1Source=RCC_MCO1SOURCE_PLLCLK
RCC.RCC_MCO2Source=RCC_MCO2SOURCE_HSE
RCC.RCC_MCODiv1=RCC_MCODIV_2
RCC.RTCFreq_Value=32000
RCC.RTCHSEDivFreq_Value=12500000
RCC.SAI_AClocksFreq_Value=12250000
RCC.SAI_BClocksFreq_Value=12250000
RCC.SYSCLKFreq_VALUE=168000000
RCC.SYSCLKSource=RCC_SYSCLKSOURCE_PLLCLK
RCC.VCOI2SOutputFreq_Value=192000000
RCC.VCOInputFreq_Value=1000000
RCC.VCOOutputFreq_Value=336000000
RCC.VCOSAIOutputFreq_Value=49000000
RCC.VCOSAIOutputFreq_ValueQ=12250000
RCC.VCOSAIOutputFreq_ValueR=24500000
RCC.VcooutputI2S=96000000
RCC.VcooutputI2SQ=96000000
SH.S_TIM1_CH1.0=TIM1_CH1,PWM Generation1 CH1
SH.S_TIM1_CH1.ConfNb=1
TIM1.IPParameters=OCFastMode_PWM-PWM Generation1 CH1
TIM1.OCFastMode_PWM-PWM\ Generation1\ CH1=TIM_OCFAST_ENABLE
