#MicroXplorer Configuration settings - do not modify
#Sat Oct 11 18:14:31 WAT 2014
File.Version=4
KeepUserPlacement=false
Mcu.Family=STM32F0
Mcu.IP0=NVIC
Mcu.IP1=RCC
Mcu.IP2=TIM1
Mcu.IPNb=3
Mcu.Name=STM32F051R8Tx
Mcu.Package=LQFP64
Mcu.Pin0=PF0-OSC_IN
Mcu.Pin1=PA8
Mcu.PinsNb=2
Mcu.UserName=STM32F051R8Tx
NVIC.SysTick_IRQn=true\:0\:0
PA8.GPIOParameters=GPIO_Speed,GPIO_ModeDefaultPP,GPIO_PuPd
PA8.GPIO_ModeDefaultPP=GPIO_MODE_AF_PP
PA8.GPIO_PuPd=GPIO_NOPULL
PA8.GPIO_Speed=GPIO_SPEED_HIGH
PA8.Signal=S_TIM1_CH1
PCC.Family=STM32F0
PCC.MCU=STM32F051R8Tx
PCC.MXVersion=4.5.0-A1
PCC.PartNumber=STM32F051R8Tx
PCC.Seq0=0
PCC.SubFamily=STM32F0x1
PCC.Temperature=25
PCC.Vdd=3.6
PF0-OSC_IN.Mode=HSE-External-Clock-Source
PF0-OSC_IN.Signal=RCC_OSC_IN
ProjectManager.AskForMigrate=true
ProjectManager.BackupPrevious=false
ProjectManager.CompilerOptimize=2
ProjectManager.ComputerToolchain=false
ProjectManager.CoupleFile=false
ProjectManager.DeletePrevious=true
ProjectManager.DeviceId=STM32F051R8Tx
ProjectManager.FirmwarePackage=STM32Cube FW_F0 V1.1.0-RC2
ProjectManager.FreePins=false
ProjectManager.HalAssertFull=true
ProjectManager.KeepUserCode=true
ProjectManager.LastFirmware=false
ProjectManager.LibraryCopy=0
ProjectManager.ProjectBuild=false
ProjectManager.ProjectFileName=TIM_F0_PWM_Output.ioc
ProjectManager.ProjectName=TIM_F0_PWM_Output
ProjectManager.TargetToolchain=EWARM 6.70
RCC.AHBFreq_Value=48000000
RCC.APB1Freq_Value=48000000
RCC.APB1TimFreq_Value=48000000
RCC.CECEnable-ClockTree=false
RCC.EnableHSE-ClockTree=true
RCC.EnableHSERTCDevisor-ClockTree=false
RCC.EnableLSE-ClockTree=false
RCC.EnableLSERTC-ClockTree=false
RCC.EnableMCOMultDivisor-ClockTree=false
RCC.FCLKCortexFreq_Value=48000000
RCC.FLatency-AdvancedSettings=FLASH_LATENCY_1
RCC.FamilyName=M
RCC.HCLKFreq_Value=48000000
RCC.HSEState-ClockTree=RCC_HSE_BYPASS
RCC.HSI14State-ClockTree=RCC_HSI14_OFF
RCC.HSI48State-ClockTree=RCC_HSI48_OFF
RCC.HSIState=RCC_HSI_ON
RCC.HSIState-ClockTree=RCC_HSI_ON
RCC.I2C1Enable-ClockTree=false
RCC.I2SFreq_Value=48000000
RCC.IPParameters=OscillatorTypeHSE-ClockTree,RTCEnable-ClockTree,HCLKFreq_Value,SYSCLKFreq_VALUE,EnableLSE-ClockTree,CECEnable-ClockTree,PLLCLKFreq_Value,FamilyName,PREFETCH_ENABLE-AdvancedSettings,USBEnable-ClockTree,HSI14State-ClockTree,PLLMCOFreq_Value,SYSCLKSource,IWDGEnable-ClockTree,FCLKCortexFreq_Value,PLLSourceVirtual,HSI48State-ClockTree,FLatency-AdvancedSettings,RCC_MCODiv-ClockTree,PLLMUL,EnableLSERTC-ClockTree,USART2Enable-ClockTree,MCOFreq_Value,VCOOutput2Freq_Value,I2SFreq_Value,MCOEnable-ClockTree,HSIState,EnableMCOMultDivisor-ClockTree,I2C1Enable-ClockTree,HSIState-ClockTree,LSIState-ClockTree,PLLState-ClockTree,APB1Freq_Value,USART1Freq_Value,APB1TimFreq_Value,USART1Enable-ClockTree,HSEState-ClockTree,AHBFreq_Value,EnableHSE-ClockTree,OscillatorTypeLSI-ClockTree,TimSysFreq_Value,EnableHSERTCDevisor-ClockTree
RCC.IWDGEnable-ClockTree=false
RCC.LSIState-ClockTree=RCC_LSI_OFF
RCC.MCOEnable-ClockTree=false
RCC.MCOFreq_Value=48000000
RCC.OscillatorTypeHSE-ClockTree=RCC_OSCILLATORTYPE_HSE
RCC.OscillatorTypeLSI-ClockTree=
RCC.PLLCLKFreq_Value=48000000
RCC.PLLMCOFreq_Value=24000000
RCC.PLLMUL=RCC_PLL_MUL6
RCC.PLLSourceVirtual=RCC_PLLSOURCE_HSE
RCC.PLLState-ClockTree=RCC_PLL_ON
RCC.PREFETCH_ENABLE-AdvancedSettings=1
RCC.RCC_MCODiv-ClockTree=RCC_MCO_NODIV
RCC.RTCEnable-ClockTree=false
RCC.SYSCLKFreq_VALUE=48000000
RCC.SYSCLKSource=RCC_SYSCLKSOURCE_PLLCLK
RCC.TimSysFreq_Value=6000000
RCC.USART1Enable-ClockTree=false
RCC.USART1Freq_Value=48000000
RCC.USART2Enable-ClockTree=false
RCC.USBEnable-ClockTree=false
RCC.VCOOutput2Freq_Value=8000000
SH.S_TIM1_CH1.0=TIM1_CH1,PWM Generation1 CH1
SH.S_TIM1_CH1.ConfNb=1
TIM1.Channel-PWM\ Generation1\ CH1=TIM_CHANNEL_1
TIM1.IPParameters=Pulse-PWM Generation1 CH1,Period,Prescaler,Channel-PWM Generation1 CH1,OCNPolarity_1-PWM Generation1 CH1,OCNIdleState_1-PWM Generation1 CH1
TIM1.OCNIdleState_1-PWM\ Generation1\ CH1=TIM_OCNIDLESTATE_RESET
TIM1.OCNPolarity_1-PWM\ Generation1\ CH1=TIM_OCNPOLARITY_HIGH
TIM1.Period=480
TIM1.Prescaler=999
TIM1.Pulse-PWM\ Generation1\ CH1=240
